
Microsoft Visual Studio Solution File, Format Version 12.00
# Visual Studio Version 16
VisualStudioVersion = 16.0.30002.166
MinimumVisualStudioVersion = 10.0.40219.1
Project("{FAE04EC0-301F-11D3-BF4B-00C04F79EFBC}") = "Flash.Android", "Flash.Android\Flash.Android.csproj", "{7D04B7DD-83A3-4F7A-8B90-F0BAF8BDD9A1}"
EndProject
Project("{9A19103F-16F7-4668-BE54-9A1E7A4F7556}") = "Flash", "Flash\Flash.csproj", "{18AAB9E4-2453-461A-B1E0-E009A87B1752}"
EndProject
Global
	GlobalSection(SolutionConfigurationPlatforms) = preSolution
		Debug|Any CPU = Debug|Any CPU
		Release|Any CPU = Release|Any CPU
	EndGlobalSection
	GlobalSection(ProjectConfigurationPlatforms) = postSolution
		{7D04B7DD-83A3-4F7A-8B90-F0BAF8BDD9A1}.Debug|Any CPU.ActiveCfg = Debug|Any CPU
		{7D04B7DD-83A3-4F7A-8B90-F0BAF8BDD9A1}.Debug|Any CPU.Build.0 = Debug|Any CPU
		{7D04B7DD-83A3-4F7A-8B90-F0BAF8BDD9A1}.Debug|Any CPU.Deploy.0 = Debug|Any CPU
		{7D04B7DD-83A3-4F7A-8B90-F0BAF8BDD9A1}.Release|Any CPU.ActiveCfg = Release|Any CPU
		{7D04B7DD-83A3-4F7A-8B90-F0BAF8BDD9A1}.Release|Any CPU.Build.0 = Release|Any CPU
		{7D04B7DD-83A3-4F7A-8B90-F0BAF8BDD9A1}.Release|Any CPU.Deploy.0 = Release|Any CPU
		{18AAB9E4-2453-461A-B1E0-E009A87B1752}.Debug|Any CPU.ActiveCfg = Debug|Any CPU
		{18AAB9E4-2453-461A-B1E0-E009A87B1752}.Debug|Any CPU.Build.0 = Debug|Any CPU
		{18AAB9E4-2453-461A-B1E0-E009A87B1752}.Debug|Any CPU.Deploy.0 = Debug|Any CPU
		{18AAB9E4-2453-461A-B1E0-E009A87B1752}.Release|Any CPU.ActiveCfg = Release|Any CPU
		{18AAB9E4-2453-461A-B1E0-E009A87B1752}.Release|Any CPU.Build.0 = Release|Any CPU
		{18AAB9E4-2453-461A-B1E0-E009A87B1752}.Release|Any CPU.Deploy.0 = Release|Any CPU
	EndGlobalSection
	GlobalSection(SolutionProperties) = preSolution
		HideSolutionNode = FALSE
	EndGlobalSection
	GlobalSection(ExtensibilityGlobals) = postSolution
		SolutionGuid = {97C90D6F-5929-4442-82E6-3D1195AE733F}
	EndGlobalSection
EndGlobal
